Microsoft Visual Studio Solution File, Format Version 12.00
# Visual Studio Version 16
VisualStudioVersion = 16.0.32428.217
MinimumVisualStudioVersion = 10.0.40219.1
Project("{9A19103F-16F7-4668-BE54-9A1E7A4F7556}") = "FeaturesDemo", "FeaturesDemo.csproj", "{C74C2969-2BD2-B796-ADA2-9346CA58EEC9}"
EndProject
Global
	GlobalSection(SolutionConfigurationPlatforms) = preSolution
		Debug|Any CPU = Debug|Any CPU
		Release|Any CPU = Release|Any CPU
	EndGlobalSection
	GlobalSection(ProjectConfigurationPlatforms) = postSolution
		{C74C2969-2BD2-B796-ADA2-9346CA58EEC9}.Debug|Any CPU.ActiveCfg = Debug|Any CPU
		{C74C2969-2BD2-B796-ADA2-9346CA58EEC9}.Debug|Any CPU.Build.0 = Debug|Any CPU
		{C74C2969-2BD2-B796-ADA2-9346CA58EEC9}.Release|Any CPU.ActiveCfg = Release|Any CPU
		{C74C2969-2BD2-B796-ADA2-9346CA58EEC9}.Release|Any CPU.Build.0 = Release|Any CPU
	EndGlobalSection
	GlobalSection(SolutionProperties) = preSolution
		HideSolutionNode = FALSE
	EndGlobalSection
	GlobalSection(ExtensibilityGlobals) = postSolution
		SolutionGuid = {CD73870A-153D-4B19-906D-13D7737613C4}
	EndGlobalSection
EndGlobal
